
Microsoft Visual Studio Solution File, Format Version 12.00
# Visual Studio Version 17
VisualStudioVersion = 17.14.37216.2 d17.14
MinimumVisualStudioVersion = 10.0.40219.1
Project("{FAE04EC0-301F-11D3-BF4B-00C04F79EFBC}") = "synth0815", "synth0815.csproj", "{DED5954E-4B68-4914-9DB7-57ADB1A8ACCF}"
EndProject
Global
	GlobalSection(SolutionConfigurationPlatforms) = preSolution
		Debug|Any CPU = Debug|Any CPU
		Release|Any CPU = Release|Any CPU
	EndGlobalSection
	GlobalSection(ProjectConfigurationPlatforms) = postSolution
		{DED5954E-4B68-4914-9DB7-57ADB1A8ACCF}.Debug|Any CPU.ActiveCfg = Debug|Any CPU
		{DED5954E-4B68-4914-9DB7-57ADB1A8ACCF}.Debug|Any CPU.Build.0 = Debug|Any CPU
		{DED5954E-4B68-4914-9DB7-57ADB1A8ACCF}.Release|Any CPU.ActiveCfg = Release|Any CPU
		{DED5954E-4B68-4914-9DB7-57ADB1A8ACCF}.Release|Any CPU.Build.0 = Release|Any CPU
	EndGlobalSection
	GlobalSection(SolutionProperties) = preSolution
		HideSolutionNode = FALSE
	EndGlobalSection
	GlobalSection(ExtensibilityGlobals) = postSolution
		SolutionGuid = {F2AEB09F-CF2F-428B-98D4-2849DECEF52A}
	EndGlobalSection
EndGlobal
